
Microsoft Visual Studio Solution File, Format Version 12.00
# Visual Studio Version 17
VisualStudioVersion = 17.2.32526.322
MinimumVisualStudioVersion = 10.0.40219.1
Project("{8BC9CEB8-8B4A-11D0-8D11-00A0C91BC942}") = "Test", "Test.vcxproj", "{8CA9643B-2AC1-4635-8D14-4261A9B63DF9}"
EndProject
Global
	GlobalSection(SolutionConfigurationPlatforms) = preSolution
		Debug|x64 = Debug|x64
		Debug|x86 = Debug|x86
		Release|x64 = Release|x64
		Release|x86 = Release|x86
	EndGlobalSection
	GlobalSection(ProjectConfigurationPlatforms) = postSolution
		{8CA9643B-2AC1-4635-8D14-4261A9B63DF9}.Debug|x64.ActiveCfg = Debug|x64
		{8CA9643B-2AC1-4635-8D14-4261A9B63DF9}.Debug|x64.Build.0 = Debug|x64
		{8CA9643B-2AC1-4635-8D14-4261A9B63DF9}.Debug|x86.ActiveCfg = Debug|Win32
		{8CA9643B-2AC1-4635-8D14-4261A9B63DF9}.Debug|x86.Build.0 = Debug|Win32
		{8CA9643B-2AC1-4635-8D14-4261A9B63DF9}.Release|x64.ActiveCfg = Release|x64
		{8CA9643B-2AC1-4635-8D14-4261A9B63DF9}.Release|x64.Build.0 = Release|x64
		{8CA9643B-2AC1-4635-8D14-4261A9B63DF9}.Release|x86.ActiveCfg = Release|Win32
		{8CA9643B-2AC1-4635-8D14-4261A9B63DF9}.Release|x86.Build.0 = Release|Win32
	EndGlobalSection
	GlobalSection(SolutionProperties) = preSolution
		HideSolutionNode = FALSE
	EndGlobalSection
	GlobalSection(ExtensibilityGlobals) = postSolution
		SolutionGuid = {09409BC8-5358-4373-A085-18A8B92A9756}
	EndGlobalSection
EndGlobal
